
Microsoft Visual Studio Solution File, Format Version 12.00
# Visual Studio 15
VisualStudioVersion = 15.0.28307.489
MinimumVisualStudioVersion = 10.0.40219.1
Project("{FAE04EC0-301F-11D3-BF4B-00C04F79EFBC}") = "AfleveringUge8", "AfleveringUge8\AfleveringUge8.csproj", "{3ED21CCF-5CB8-4F29-9A5A-AE6F02C24011}"
EndProject
Global
	GlobalSection(SolutionConfigurationPlatforms) = preSolution
		Debug|Any CPU = Debug|Any CPU
		Release|Any CPU = Release|Any CPU
	EndGlobalSection
	GlobalSection(ProjectConfigurationPlatforms) = postSolution
		{3ED21CCF-5CB8-4F29-9A5A-AE6F02C24011}.Debug|Any CPU.ActiveCfg = Debug|Any CPU
		{3ED21CCF-5CB8-4F29-9A5A-AE6F02C24011}.Debug|Any CPU.Build.0 = Debug|Any CPU
		{3ED21CCF-5CB8-4F29-9A5A-AE6F02C24011}.Release|Any CPU.ActiveCfg = Release|Any CPU
		{3ED21CCF-5CB8-4F29-9A5A-AE6F02C24011}.Release|Any CPU.Build.0 = Release|Any CPU
	EndGlobalSection
	GlobalSection(SolutionProperties) = preSolution
		HideSolutionNode = FALSE
	EndGlobalSection
	GlobalSection(ExtensibilityGlobals) = postSolution
		SolutionGuid = {E52BD369-8AE6-4151-B79F-66298A978FB2}
	EndGlobalSection
EndGlobal
